
Microsoft Visual Studio Solution File, Format Version 12.00
# Visual Studio Version 17
VisualStudioVersion = 17.3.32901.215
MinimumVisualStudioVersion = 10.0.40219.1
Project("{FAE04EC0-301F-11D3-BF4B-00C04F79EFBC}") = "testClient", "testClient\testClient.csproj", "{1E874253-D5C5-45CB-82FE-9BEFDA74AECF}"
EndProject
Global
	GlobalSection(SolutionConfigurationPlatforms) = preSolution
		Debug|Any CPU = Debug|Any CPU
		Release|Any CPU = Release|Any CPU
	EndGlobalSection
	GlobalSection(ProjectConfigurationPlatforms) = postSolution
		{1E874253-D5C5-45CB-82FE-9BEFDA74AECF}.Debug|Any CPU.ActiveCfg = Debug|Any CPU
		{1E874253-D5C5-45CB-82FE-9BEFDA74AECF}.Debug|Any CPU.Build.0 = Debug|Any CPU
		{1E874253-D5C5-45CB-82FE-9BEFDA74AECF}.Release|Any CPU.ActiveCfg = Release|Any CPU
		{1E874253-D5C5-45CB-82FE-9BEFDA74AECF}.Release|Any CPU.Build.0 = Release|Any CPU
	EndGlobalSection
	GlobalSection(SolutionProperties) = preSolution
		HideSolutionNode = FALSE
	EndGlobalSection
	GlobalSection(ExtensibilityGlobals) = postSolution
		SolutionGuid = {5CBBAAE8-7709-4274-8E27-5F3EC7E4D978}
	EndGlobalSection
EndGlobal
