
Microsoft Visual Studio Solution File, Format Version 12.00
# Visual Studio Version 17
VisualStudioVersion = 17.3.32901.215
MinimumVisualStudioVersion = 10.0.40219.1
Project("{FAE04EC0-301F-11D3-BF4B-00C04F79EFBC}") = "testing", "testing\testing.csproj", "{8552758E-24F6-4088-94BF-FEE35B83E42F}"
EndProject
Global
	GlobalSection(SolutionConfigurationPlatforms) = preSolution
		Debug|Any CPU = Debug|Any CPU
		Release|Any CPU = Release|Any CPU
	EndGlobalSection
	GlobalSection(ProjectConfigurationPlatforms) = postSolution
		{8552758E-24F6-4088-94BF-FEE35B83E42F}.Debug|Any CPU.ActiveCfg = Debug|Any CPU
		{8552758E-24F6-4088-94BF-FEE35B83E42F}.Debug|Any CPU.Build.0 = Debug|Any CPU
		{8552758E-24F6-4088-94BF-FEE35B83E42F}.Release|Any CPU.ActiveCfg = Release|Any CPU
		{8552758E-24F6-4088-94BF-FEE35B83E42F}.Release|Any CPU.Build.0 = Release|Any CPU
	EndGlobalSection
	GlobalSection(SolutionProperties) = preSolution
		HideSolutionNode = FALSE
	EndGlobalSection
	GlobalSection(ExtensibilityGlobals) = postSolution
		SolutionGuid = {E26F9DD1-14AF-4017-8C08-5CC0CE68BCCB}
	EndGlobalSection
EndGlobal
