
Microsoft Visual Studio Solution File, Format Version 12.00
# Visual Studio Version 17
VisualStudioVersion = 17.3.32901.215
MinimumVisualStudioVersion = 10.0.40219.1
Project("{FAE04EC0-301F-11D3-BF4B-00C04F79EFBC}") = "TP_NIR", "TP_NIR\TP_NIR.csproj", "{62015DF2-6A7F-47A7-ACDB-78791135926F}"
EndProject
Global
	GlobalSection(SolutionConfigurationPlatforms) = preSolution
		Debug|Any CPU = Debug|Any CPU
		Release|Any CPU = Release|Any CPU
	EndGlobalSection
	GlobalSection(ProjectConfigurationPlatforms) = postSolution
		{62015DF2-6A7F-47A7-ACDB-78791135926F}.Debug|Any CPU.ActiveCfg = Debug|Any CPU
		{62015DF2-6A7F-47A7-ACDB-78791135926F}.Debug|Any CPU.Build.0 = Debug|Any CPU
		{62015DF2-6A7F-47A7-ACDB-78791135926F}.Release|Any CPU.ActiveCfg = Release|Any CPU
		{62015DF2-6A7F-47A7-ACDB-78791135926F}.Release|Any CPU.Build.0 = Release|Any CPU
	EndGlobalSection
	GlobalSection(SolutionProperties) = preSolution
		HideSolutionNode = FALSE
	EndGlobalSection
	GlobalSection(ExtensibilityGlobals) = postSolution
		SolutionGuid = {3A9C777E-8746-457E-972D-1C20E613DA03}
	EndGlobalSection
EndGlobal
