
Microsoft Visual Studio Solution File, Format Version 12.00
# Visual Studio Version 17
VisualStudioVersion = 17.3.32901.215
MinimumVisualStudioVersion = 10.0.40219.1
Project("{FAE04EC0-301F-11D3-BF4B-00C04F79EFBC}") = "tp1_Ex1", "tp1_Ex1\tp1_Ex1.csproj", "{4A6A765C-6D15-4135-ACAC-B0E6F8807A56}"
EndProject
Global
	GlobalSection(SolutionConfigurationPlatforms) = preSolution
		Debug|Any CPU = Debug|Any CPU
		Release|Any CPU = Release|Any CPU
	EndGlobalSection
	GlobalSection(ProjectConfigurationPlatforms) = postSolution
		{4A6A765C-6D15-4135-ACAC-B0E6F8807A56}.Debug|Any CPU.ActiveCfg = Debug|Any CPU
		{4A6A765C-6D15-4135-ACAC-B0E6F8807A56}.Debug|Any CPU.Build.0 = Debug|Any CPU
		{4A6A765C-6D15-4135-ACAC-B0E6F8807A56}.Release|Any CPU.ActiveCfg = Release|Any CPU
		{4A6A765C-6D15-4135-ACAC-B0E6F8807A56}.Release|Any CPU.Build.0 = Release|Any CPU
	EndGlobalSection
	GlobalSection(SolutionProperties) = preSolution
		HideSolutionNode = FALSE
	EndGlobalSection
	GlobalSection(ExtensibilityGlobals) = postSolution
		SolutionGuid = {FDD68338-9138-4D4E-A9F6-96490C4A24B0}
	EndGlobalSection
EndGlobal
