
Microsoft Visual Studio Solution File, Format Version 12.00
# Visual Studio Version 17
VisualStudioVersion = 17.3.32901.215
MinimumVisualStudioVersion = 10.0.40219.1
Project("{FAE04EC0-301F-11D3-BF4B-00C04F79EFBC}") = "icm", "icm\icm.csproj", "{0A90B4F1-EE97-4C64-B4F6-2C4D7EB80241}"
EndProject
Global
	GlobalSection(SolutionConfigurationPlatforms) = preSolution
		Debug|Any CPU = Debug|Any CPU
		Release|Any CPU = Release|Any CPU
	EndGlobalSection
	GlobalSection(ProjectConfigurationPlatforms) = postSolution
		{0A90B4F1-EE97-4C64-B4F6-2C4D7EB80241}.Debug|Any CPU.ActiveCfg = Debug|Any CPU
		{0A90B4F1-EE97-4C64-B4F6-2C4D7EB80241}.Debug|Any CPU.Build.0 = Debug|Any CPU
		{0A90B4F1-EE97-4C64-B4F6-2C4D7EB80241}.Release|Any CPU.ActiveCfg = Release|Any CPU
		{0A90B4F1-EE97-4C64-B4F6-2C4D7EB80241}.Release|Any CPU.Build.0 = Release|Any CPU
	EndGlobalSection
	GlobalSection(SolutionProperties) = preSolution
		HideSolutionNode = FALSE
	EndGlobalSection
	GlobalSection(ExtensibilityGlobals) = postSolution
		SolutionGuid = {6EED3DD5-6FD3-457C-890C-CF5F77D69A5C}
	EndGlobalSection
EndGlobal
